
Microsoft Visual Studio Solution File, Format Version 12.00
# Visual Studio Version 17
VisualStudioVersion = 17.4.33403.182
MinimumVisualStudioVersion = 10.0.40219.1
Project("{FAE04EC0-301F-11D3-BF4B-00C04F79EFBC}") = "TUT1_Question3", "TUT1_Question3\TUT1_Question3.csproj", "{EAE32C97-6DB1-4CF3-BB85-EC6CE6FA26C0}"
EndProject
Global
	GlobalSection(SolutionConfigurationPlatforms) = preSolution
		Debug|Any CPU = Debug|Any CPU
		Release|Any CPU = Release|Any CPU
	EndGlobalSection
	GlobalSection(ProjectConfigurationPlatforms) = postSolution
		{EAE32C97-6DB1-4CF3-BB85-EC6CE6FA26C0}.Debug|Any CPU.ActiveCfg = Debug|Any CPU
		{EAE32C97-6DB1-4CF3-BB85-EC6CE6FA26C0}.Debug|Any CPU.Build.0 = Debug|Any CPU
		{EAE32C97-6DB1-4CF3-BB85-EC6CE6FA26C0}.Release|Any CPU.ActiveCfg = Release|Any CPU
		{EAE32C97-6DB1-4CF3-BB85-EC6CE6FA26C0}.Release|Any CPU.Build.0 = Release|Any CPU
	EndGlobalSection
	GlobalSection(SolutionProperties) = preSolution
		HideSolutionNode = FALSE
	EndGlobalSection
	GlobalSection(ExtensibilityGlobals) = postSolution
		SolutionGuid = {1F1CDF18-3101-419E-A8EF-504FB44905B5}
	EndGlobalSection
EndGlobal
